// !$*UTF8*$!
{
	archiveVersion = 1;
	classes = {
	};
	objectVersion = 77;
	objects = {

/* Begin PBXBuildFile section */
		586DBAC02E9C4344006C3DCA /* DashboardView.swift in Sources */ = {isa = PBXBuildFile; fileRef = 586DBAAC2E9C4344006C3DCA /* DashboardView.swift */; };
		586DBAC12E9C4344006C3DCA /* GlucoseScreen.swift in Sources */ = {isa = PBXBuildFile; fileRef = 586DBAB02E9C4344006C3DCA /* GlucoseScreen.swift */; };
		586DBAC22E9C4344006C3DCA /* MealHistoryView.swift in Sources */ = {isa = PBXBuildFile; fileRef = 586DBAB42E9C4344006C3DCA /* MealHistoryView.swift */; };
		586DBAC32E9C4344006C3DCA /* ChatView.swift in Sources */ = {isa = PBXBuildFile; fileRef = 586DBAAA2E9C4344006C3DCA /* ChatView.swift */; };
		586DBAC42E9C4344006C3DCA /* VerifySubviews.swift in Sources */ = {isa = PBXBuildFile; fileRef = 586DBABD2E9C4344006C3DCA /* VerifySubviews.swift */; };
		586DBAC52E9C4344006C3DCA /* HealthSyncManager.swift in Sources */ = {isa = PBXBuildFile; fileRef = 586DBAA22E9C4344006C3DCA /* HealthSyncManager.swift */; };
		586DBAC62E9C4344006C3DCA /* MealLog.swift in Sources */ = {isa = PBXBuildFile; fileRef = 586DBAB62E9C4344006C3DCA /* MealLog.swift */; };
		586DBAC72E9C4344006C3DCA /* MealLogManager.swift in Sources */ = {isa = PBXBuildFile; fileRef = 586DBAA32E9C4344006C3DCA /* MealLogManager.swift */; };
		586DBAC82E9C4344006C3DCA /* Meal.swift in Sources */ = {isa = PBXBuildFile; fileRef = 586DBAA62E9C4344006C3DCA /* Meal.swift */; };
		586DBAC92E9C4344006C3DCA /* HealthManager.swift in Sources */ = {isa = PBXBuildFile; fileRef = 586DBAA12E9C4344006C3DCA /* HealthManager.swift */; };
		586DBACA2E9C4344006C3DCA /* MealRowView.swift in Sources */ = {isa = PBXBuildFile; fileRef = 586DBAB72E9C4344006C3DCA /* MealRowView.swift */; };
		586DBACB2E9C4344006C3DCA /* HealthCopilotApp.swift in Sources */ = {isa = PBXBuildFile; fileRef = 586DBA9D2E9C4344006C3DCA /* HealthCopilotApp.swift */; };
		586DBACC2E9C4344006C3DCA /* MealInsightView.swift in Sources */ = {isa = PBXBuildFile; fileRef = 586DBAB52E9C4344006C3DCA /* MealInsightView.swift */; };
		586DBACD2E9C4344006C3DCA /* 0.ContentView.swift in Sources */ = {isa = PBXBuildFile; fileRef = 586DBAA82E9C4344006C3DCA /* 0.ContentView.swift */; };
		586DBACE2E9C4344006C3DCA /* GenInsightView.swift in Sources */ = {isa = PBXBuildFile; fileRef = 586DBAAD2E9C4344006C3DCA /* GenInsightView.swift */; };
		586DBACF2E9C4344006C3DCA /* CombinedDetailView.swift in Sources */ = {isa = PBXBuildFile; fileRef = 586DBAAB2E9C4344006C3DCA /* CombinedDetailView.swift */; };
		586DBAD02E9C4344006C3DCA /* CameraView.swift in Sources */ = {isa = PBXBuildFile; fileRef = 586DBABA2E9C4344006C3DCA /* CameraView.swift */; };
		586DBAD12E9C4344006C3DCA /* HealthKitManager.swift in Sources */ = {isa = PBXBuildFile; fileRef = 586DBAA02E9C4344006C3DCA /* HealthKitManager.swift */; };
		586DBAD22E9C4344006C3DCA /* LogView.swift in Sources */ = {isa = PBXBuildFile; fileRef = 586DBABB2E9C4344006C3DCA /* LogView.swift */; };
		586DBAD32E9C4344006C3DCA /* HealthSummary.swift in Sources */ = {isa = PBXBuildFile; fileRef = 586DBAB22E9C4344006C3DCA /* HealthSummary.swift */; };
		586DBAD42E9C4344006C3DCA /* SyncManager.swift in Sources */ = {isa = PBXBuildFile; fileRef = 586DBAA42E9C4344006C3DCA /* SyncManager.swift */; };
		586DBAD52E9C4344006C3DCA /* GlucoseModels.swift in Sources */ = {isa = PBXBuildFile; fileRef = 586DBAAF2E9C4344006C3DCA /* GlucoseModels.swift */; };
		586DBAD62E9C4344006C3DCA /* VerifyView.swift in Sources */ = {isa = PBXBuildFile; fileRef = 586DBABE2E9C4344006C3DCA /* VerifyView.swift */; };
		586DBAD72E9C4344006C3DCA /* GPTVisionService.swift in Sources */ = {isa = PBXBuildFile; fileRef = 586DBA9F2E9C4344006C3DCA /* GPTVisionService.swift */; };
		586DBAD82E9C4344006C3DCA /* NutritionView.swift in Sources */ = {isa = PBXBuildFile; fileRef = 586DBAB82E9C4344006C3DCA /* NutritionView.swift */; };
		586DBAD92E9C4344006C3DCA /* GlucoseGraphView.swift in Sources */ = {isa = PBXBuildFile; fileRef = 586DBAAE2E9C4344006C3DCA /* GlucoseGraphView.swift */; };
		586DBADA2E9C4344006C3DCA /* 0.HealthCopilotApp.swift in Sources */ = {isa = PBXBuildFile; fileRef = 586DBAA92E9C4344006C3DCA /* 0.HealthCopilotApp.swift */; };
		586DBADB2E9C4344006C3DCA /* InsightGenerator.swift in Sources */ = {isa = PBXBuildFile; fileRef = 586DBAB32E9C4344006C3DCA /* InsightGenerator.swift */; };
		586DBADC2E9C4344006C3DCA /* SyncStatusView.swift in Sources */ = {isa = PBXBuildFile; fileRef = 586DBABC2E9C4344006C3DCA /* SyncStatusView.swift */; };
		586DBADD2E9C4344006C3DCA /* GPTService.swift in Sources */ = {isa = PBXBuildFile; fileRef = 586DBAB12E9C4344006C3DCA /* GPTService.swift */; };
		586DBADE2E9C4344006C3DCA /* MealStore.swift in Sources */ = {isa = PBXBuildFile; fileRef = 586DBAA72E9C4344006C3DCA /* MealStore.swift */; };
		587C91352E9DA72F009CED55 /* SyncView.swift in Sources */ = {isa = PBXBuildFile; fileRef = 587C91342E9DA72D009CED55 /* SyncView.swift */; };
/* End PBXBuildFile section */

/* Begin PBXContainerItemProxy section */
		581C378D2E17599E002D6789 /* PBXContainerItemProxy */ = {
			isa = PBXContainerItemProxy;
			containerPortal = 581C37772E17599C002D6789 /* Project object */;
			proxyType = 1;
			remoteGlobalIDString = 581C377E2E17599C002D6789;
			remoteInfo = HealthCopilot;
		};
		581C37972E17599E002D6789 /* PBXContainerItemProxy */ = {
			isa = PBXContainerItemProxy;
			containerPortal = 581C37772E17599C002D6789 /* Project object */;
			proxyType = 1;
			remoteGlobalIDString = 581C377E2E17599C002D6789;
			remoteInfo = HealthCopilot;
		};
/* End PBXContainerItemProxy section */

/* Begin PBXFileReference section */
		581C377F2E17599C002D6789 /* HealthCopilot.app */ = {isa = PBXFileReference; explicitFileType = wrapper.application; includeInIndex = 0; path = HealthCopilot.app; sourceTree = BUILT_PRODUCTS_DIR; };
		581C378C2E17599E002D6789 /* HealthCopilotTests.xctest */ = {isa = PBXFileReference; explicitFileType = wrapper.cfbundle; includeInIndex = 0; path = HealthCopilotTests.xctest; sourceTree = BUILT_PRODUCTS_DIR; };
		581C37962E17599E002D6789 /* HealthCopilotUITests.xctest */ = {isa = PBXFileReference; explicitFileType = wrapper.cfbundle; includeInIndex = 0; path = HealthCopilotUITests.xctest; sourceTree = BUILT_PRODUCTS_DIR; };
		586DBA9D2E9C4344006C3DCA /* HealthCopilotApp.swift */ = {isa = PBXFileReference; lastKnownFileType = sourcecode.swift; path = HealthCopilotApp.swift; sourceTree = "<group>"; };
		586DBA9E2E9C4344006C3DCA /* Info.plist */ = {isa = PBXFileReference; lastKnownFileType = text.plist.xml; path = Info.plist; sourceTree = "<group>"; };
		586DBA9F2E9C4344006C3DCA /* GPTVisionService.swift */ = {isa = PBXFileReference; lastKnownFileType = sourcecode.swift; path = GPTVisionService.swift; sourceTree = "<group>"; };
		586DBAA02E9C4344006C3DCA /* HealthKitManager.swift */ = {isa = PBXFileReference; lastKnownFileType = sourcecode.swift; path = HealthKitManager.swift; sourceTree = "<group>"; };
		586DBAA12E9C4344006C3DCA /* HealthManager.swift */ = {isa = PBXFileReference; lastKnownFileType = sourcecode.swift; path = HealthManager.swift; sourceTree = "<group>"; };
		586DBAA22E9C4344006C3DCA /* HealthSyncManager.swift */ = {isa = PBXFileReference; lastKnownFileType = sourcecode.swift; path = HealthSyncManager.swift; sourceTree = "<group>"; };
		586DBAA32E9C4344006C3DCA /* MealLogManager.swift */ = {isa = PBXFileReference; lastKnownFileType = sourcecode.swift; path = MealLogManager.swift; sourceTree = "<group>"; };
		586DBAA42E9C4344006C3DCA /* SyncManager.swift */ = {isa = PBXFileReference; lastKnownFileType = sourcecode.swift; path = SyncManager.swift; sourceTree = "<group>"; };
		586DBAA62E9C4344006C3DCA /* Meal.swift */ = {isa = PBXFileReference; lastKnownFileType = sourcecode.swift; path = Meal.swift; sourceTree = "<group>"; };
		586DBAA72E9C4344006C3DCA /* MealStore.swift */ = {isa = PBXFileReference; lastKnownFileType = sourcecode.swift; path = MealStore.swift; sourceTree = "<group>"; };
		586DBAA82E9C4344006C3DCA /* 0.ContentView.swift */ = {isa = PBXFileReference; lastKnownFileType = sourcecode.swift; path = 0.ContentView.swift; sourceTree = "<group>"; };
		586DBAA92E9C4344006C3DCA /* 0.HealthCopilotApp.swift */ = {isa = PBXFileReference; lastKnownFileType = sourcecode.swift; path = 0.HealthCopilotApp.swift; sourceTree = "<group>"; };
		586DBAAA2E9C4344006C3DCA /* ChatView.swift */ = {isa = PBXFileReference; lastKnownFileType = sourcecode.swift; path = ChatView.swift; sourceTree = "<group>"; };
		586DBAAB2E9C4344006C3DCA /* CombinedDetailView.swift */ = {isa = PBXFileReference; lastKnownFileType = sourcecode.swift; path = CombinedDetailView.swift; sourceTree = "<group>"; };
		586DBAAC2E9C4344006C3DCA /* DashboardView.swift */ = {isa = PBXFileReference; lastKnownFileType = sourcecode.swift; path = DashboardView.swift; sourceTree = "<group>"; };
		586DBAAD2E9C4344006C3DCA /* GenInsightView.swift */ = {isa = PBXFileReference; lastKnownFileType = sourcecode.swift; path = GenInsightView.swift; sourceTree = "<group>"; };
		586DBAAE2E9C4344006C3DCA /* GlucoseGraphView.swift */ = {isa = PBXFileReference; lastKnownFileType = sourcecode.swift; path = GlucoseGraphView.swift; sourceTree = "<group>"; };
		586DBAAF2E9C4344006C3DCA /* GlucoseModels.swift */ = {isa = PBXFileReference; lastKnownFileType = sourcecode.swift; path = GlucoseModels.swift; sourceTree = "<group>"; };
		586DBAB02E9C4344006C3DCA /* GlucoseScreen.swift */ = {isa = PBXFileReference; lastKnownFileType = sourcecode.swift; path = GlucoseScreen.swift; sourceTree = "<group>"; };
		586DBAB12E9C4344006C3DCA /* GPTService.swift */ = {isa = PBXFileReference; lastKnownFileType = sourcecode.swift; path = GPTService.swift; sourceTree = "<group>"; };
		586DBAB22E9C4344006C3DCA /* HealthSummary.swift */ = {isa = PBXFileReference; lastKnownFileType = sourcecode.swift; path = HealthSummary.swift; sourceTree = "<group>"; };
		586DBAB32E9C4344006C3DCA /* InsightGenerator.swift */ = {isa = PBXFileReference; lastKnownFileType = sourcecode.swift; path = InsightGenerator.swift; sourceTree = "<group>"; };
		586DBAB42E9C4344006C3DCA /* MealHistoryView.swift */ = {isa = PBXFileReference; lastKnownFileType = sourcecode.swift; path = MealHistoryView.swift; sourceTree = "<group>"; };
		586DBAB52E9C4344006C3DCA /* MealInsightView.swift */ = {isa = PBXFileReference; lastKnownFileType = sourcecode.swift; path = MealInsightView.swift; sourceTree = "<group>"; };
		586DBAB62E9C4344006C3DCA /* MealLog.swift */ = {isa = PBXFileReference; lastKnownFileType = sourcecode.swift; path = MealLog.swift; sourceTree = "<group>"; };
		586DBAB72E9C4344006C3DCA /* MealRowView.swift */ = {isa = PBXFileReference; lastKnownFileType = sourcecode.swift; path = MealRowView.swift; sourceTree = "<group>"; };
		586DBAB82E9C4344006C3DCA /* NutritionView.swift */ = {isa = PBXFileReference; lastKnownFileType = sourcecode.swift; path = NutritionView.swift; sourceTree = "<group>"; };
		586DBABA2E9C4344006C3DCA /* CameraView.swift */ = {isa = PBXFileReference; lastKnownFileType = sourcecode.swift; path = CameraView.swift; sourceTree = "<group>"; };
		586DBABB2E9C4344006C3DCA /* LogView.swift */ = {isa = PBXFileReference; lastKnownFileType = sourcecode.swift; path = LogView.swift; sourceTree = "<group>"; };
		586DBABC2E9C4344006C3DCA /* SyncStatusView.swift */ = {isa = PBXFileReference; lastKnownFileType = sourcecode.swift; path = SyncStatusView.swift; sourceTree = "<group>"; };
		586DBABD2E9C4344006C3DCA /* VerifySubviews.swift */ = {isa = PBXFileReference; lastKnownFileType = sourcecode.swift; path = VerifySubviews.swift; sourceTree = "<group>"; };
		586DBABE2E9C4344006C3DCA /* VerifyView.swift */ = {isa = PBXFileReference; lastKnownFileType = sourcecode.swift; path = VerifyView.swift; sourceTree = "<group>"; };
		587C91342E9DA72D009CED55 /* SyncView.swift */ = {isa = PBXFileReference; lastKnownFileType = sourcecode.swift; path = SyncView.swift; sourceTree = "<group>"; };
/* End PBXFileReference section */

/* Begin PBXFileSystemSynchronizedRootGroup section */
		581C378F2E17599E002D6789 /* HealthCopilotTests */ = {
			isa = PBXFileSystemSynchronizedRootGroup;
			path = HealthCopilotTests;
			sourceTree = "<group>";
		};
		581C37992E17599E002D6789 /* HealthCopilotUITests */ = {
			isa = PBXFileSystemSynchronizedRootGroup;
			path = HealthCopilotUITests;
			sourceTree = "<group>";
		};
/* End PBXFileSystemSynchronizedRootGroup section */

/* Begin PBXFrameworksBuildPhase section */
		581C377C2E17599C002D6789 /* Frameworks */ = {
			isa = PBXFrameworksBuildPhase;
			buildActionMask = 2147483647;
			files = (
			);
			runOnlyForDeploymentPostprocessing = 0;
		};
		581C37892E17599E002D6789 /* Frameworks */ = {
			isa = PBXFrameworksBuildPhase;
			buildActionMask = 2147483647;
			files = (
			);
			runOnlyForDeploymentPostprocessing = 0;
		};
		581C37932E17599E002D6789 /* Frameworks */ = {
			isa = PBXFrameworksBuildPhase;
			buildActionMask = 2147483647;
			files = (
			);
			runOnlyForDeploymentPostprocessing = 0;
		};
/* End PBXFrameworksBuildPhase section */

/* Begin PBXGroup section */
		581C37762E17599C002D6789 = {
			isa = PBXGroup;
			children = (
				586DBA9D2E9C4344006C3DCA /* HealthCopilotApp.swift */,
				586DBA9E2E9C4344006C3DCA /* Info.plist */,
				586DBAA52E9C4344006C3DCA /* Managers */,
				586DBAA62E9C4344006C3DCA /* Meal.swift */,
				586DBAA72E9C4344006C3DCA /* MealStore.swift */,
				586DBAB92E9C4344006C3DCA /* Scratch */,
				586DBABF2E9C4344006C3DCA /* Views */,
				581C378F2E17599E002D6789 /* HealthCopilotTests */,
				581C37992E17599E002D6789 /* HealthCopilotUITests */,
				581C37802E17599C002D6789 /* Products */,
			);
			sourceTree = "<group>";
		};
		581C37802E17599C002D6789 /* Products */ = {
			isa = PBXGroup;
			children = (
				581C377F2E17599C002D6789 /* HealthCopilot.app */,
				581C378C2E17599E002D6789 /* HealthCopilotTests.xctest */,
				581C37962E17599E002D6789 /* HealthCopilotUITests.xctest */,
			);
			name = Products;
			sourceTree = "<group>";
		};
		586DBAA52E9C4344006C3DCA /* Managers */ = {
			isa = PBXGroup;
			children = (
				586DBA9F2E9C4344006C3DCA /* GPTVisionService.swift */,
				586DBAA02E9C4344006C3DCA /* HealthKitManager.swift */,
				586DBAA12E9C4344006C3DCA /* HealthManager.swift */,
				586DBAA22E9C4344006C3DCA /* HealthSyncManager.swift */,
				586DBAA32E9C4344006C3DCA /* MealLogManager.swift */,
				586DBAA42E9C4344006C3DCA /* SyncManager.swift */,
			);
			path = Managers;
			sourceTree = "<group>";
		};
		586DBAB92E9C4344006C3DCA /* Scratch */ = {
			isa = PBXGroup;
			children = (
				586DBAA82E9C4344006C3DCA /* 0.ContentView.swift */,
				586DBAA92E9C4344006C3DCA /* 0.HealthCopilotApp.swift */,
				586DBAAA2E9C4344006C3DCA /* ChatView.swift */,
				586DBAAB2E9C4344006C3DCA /* CombinedDetailView.swift */,
				586DBAAC2E9C4344006C3DCA /* DashboardView.swift */,
				586DBAAD2E9C4344006C3DCA /* GenInsightView.swift */,
				586DBAAE2E9C4344006C3DCA /* GlucoseGraphView.swift */,
				586DBAAF2E9C4344006C3DCA /* GlucoseModels.swift */,
				586DBAB02E9C4344006C3DCA /* GlucoseScreen.swift */,
				586DBAB12E9C4344006C3DCA /* GPTService.swift */,
				586DBAB22E9C4344006C3DCA /* HealthSummary.swift */,
				586DBAB32E9C4344006C3DCA /* InsightGenerator.swift */,
				586DBAB42E9C4344006C3DCA /* MealHistoryView.swift */,
				586DBAB52E9C4344006C3DCA /* MealInsightView.swift */,
				586DBAB62E9C4344006C3DCA /* MealLog.swift */,
				586DBAB72E9C4344006C3DCA /* MealRowView.swift */,
				586DBAB82E9C4344006C3DCA /* NutritionView.swift */,
			);
			path = Scratch;
			sourceTree = "<group>";
		};
		586DBABF2E9C4344006C3DCA /* Views */ = {
			isa = PBXGroup;
			children = (
				587C91342E9DA72D009CED55 /* SyncView.swift */,
				586DBABA2E9C4344006C3DCA /* CameraView.swift */,
				586DBABB2E9C4344006C3DCA /* LogView.swift */,
				586DBABC2E9C4344006C3DCA /* SyncStatusView.swift */,
				586DBABD2E9C4344006C3DCA /* VerifySubviews.swift */,
				586DBABE2E9C4344006C3DCA /* VerifyView.swift */,
			);
			path = Views;
			sourceTree = "<group>";
		};
/* End PBXGroup section */

/* Begin PBXNativeTarget section */
		581C377E2E17599C002D6789 /* HealthCopilot */ = {
			isa = PBXNativeTarget;
			buildConfigurationList = 581C37A02E17599E002D6789 /* Build configuration list for PBXNativeTarget "HealthCopilot" */;
			buildPhases = (
				581C377B2E17599C002D6789 /* Sources */,
				581C377C2E17599C002D6789 /* Frameworks */,
				581C377D2E17599C002D6789 /* Resources */,
			);
			buildRules = (
			);
			dependencies = (
			);
			name = HealthCopilot;
			packageProductDependencies = (
			);
			productName = HealthCopilot;
			productReference = 581C377F2E17599C002D6789 /* HealthCopilot.app */;
			productType = "com.apple.product-type.application";
		};
		581C378B2E17599E002D6789 /* HealthCopilotTests */ = {
			isa = PBXNativeTarget;
			buildConfigurationList = 581C37A32E17599E002D6789 /* Build configuration list for PBXNativeTarget "HealthCopilotTests" */;
			buildPhases = (
				581C37882E17599E002D6789 /* Sources */,
				581C37892E17599E002D6789 /* Frameworks */,
				581C378A2E17599E002D6789 /* Resources */,
			);
			buildRules = (
			);
			dependencies = (
				581C378E2E17599E002D6789 /* PBXTargetDependency */,
			);
			fileSystemSynchronizedGroups = (
				581C378F2E17599E002D6789 /* HealthCopilotTests */,
			);
			name = HealthCopilotTests;
			packageProductDependencies = (
			);
			productName = HealthCopilotTests;
			productReference = 581C378C2E17599E002D6789 /* HealthCopilotTests.xctest */;
			productType = "com.apple.product-type.bundle.unit-test";
		};
		581C37952E17599E002D6789 /* HealthCopilotUITests */ = {
			isa = PBXNativeTarget;
			buildConfigurationList = 581C37A62E17599E002D6789 /* Build configuration list for PBXNativeTarget "HealthCopilotUITests" */;
			buildPhases = (
				581C37922E17599E002D6789 /* Sources */,
				581C37932E17599E002D6789 /* Frameworks */,
				581C37942E17599E002D6789 /* Resources */,
			);
			buildRules = (
			);
			dependencies = (
				581C37982E17599E002D6789 /* PBXTargetDependency */,
			);
			fileSystemSynchronizedGroups = (
				581C37992E17599E002D6789 /* HealthCopilotUITests */,
			);
			name = HealthCopilotUITests;
			packageProductDependencies = (
			);
			productName = HealthCopilotUITests;
			productReference = 581C37962E17599E002D6789 /* HealthCopilotUITests.xctest */;
			productType = "com.apple.product-type.bundle.ui-testing";
		};
/* End PBXNativeTarget section */

/* Begin PBXProject section */
		581C37772E17599C002D6789 /* Project object */ = {
			isa = PBXProject;
			attributes = {
				BuildIndependentTargetsInParallel = 1;
				LastSwiftUpdateCheck = 1640;
				LastUpgradeCheck = 1640;
				TargetAttributes = {
					581C377E2E17599C002D6789 = {
						CreatedOnToolsVersion = 16.4;
					};
					581C378B2E17599E002D6789 = {
						CreatedOnToolsVersion = 16.4;
						TestTargetID = 581C377E2E17599C002D6789;
					};
					581C37952E17599E002D6789 = {
						CreatedOnToolsVersion = 16.4;
						TestTargetID = 581C377E2E17599C002D6789;
					};
				};
			};
			buildConfigurationList = 581C377A2E17599C002D6789 /* Build configuration list for PBXProject "HealthCopilot" */;
			developmentRegion = en;
			hasScannedForEncodings = 0;
			knownRegions = (
				en,
				Base,
			);
			mainGroup = 581C37762E17599C002D6789;
			minimizedProjectReferenceProxies = 1;
			preferredProjectObjectVersion = 77;
			productRefGroup = 581C37802E17599C002D6789 /* Products */;
			projectDirPath = "";
			projectRoot = "";
			targets = (
				581C377E2E17599C002D6789 /* HealthCopilot */,
				581C378B2E17599E002D6789 /* HealthCopilotTests */,
				581C37952E17599E002D6789 /* HealthCopilotUITests */,
			);
		};
/* End PBXProject section */

/* Begin PBXResourcesBuildPhase section */
		581C377D2E17599C002D6789 /* Resources */ = {
			isa = PBXResourcesBuildPhase;
			buildActionMask = 2147483647;
			files = (
			);
			runOnlyForDeploymentPostprocessing = 0;
		};
		581C378A2E17599E002D6789 /* Resources */ = {
			isa = PBXResourcesBuildPhase;
			buildActionMask = 2147483647;
			files = (
			);
			runOnlyForDeploymentPostprocessing = 0;
		};
		581C37942E17599E002D6789 /* Resources */ = {
			isa = PBXResourcesBuildPhase;
			buildActionMask = 2147483647;
			files = (
			);
			runOnlyForDeploymentPostprocessing = 0;
		};
/* End PBXResourcesBuildPhase section */

/* Begin PBXSourcesBuildPhase section */
		581C377B2E17599C002D6789 /* Sources */ = {
			isa = PBXSourcesBuildPhase;
			buildActionMask = 2147483647;
			files = (
				586DBAC02E9C4344006C3DCA /* DashboardView.swift in Sources */,
				587C91352E9DA72F009CED55 /* SyncView.swift in Sources */,
				586DBAC12E9C4344006C3DCA /* GlucoseScreen.swift in Sources */,
				586DBAC22E9C4344006C3DCA /* MealHistoryView.swift in Sources */,
				586DBAC32E9C4344006C3DCA /* ChatView.swift in Sources */,
				586DBAC42E9C4344006C3DCA /* VerifySubviews.swift in Sources */,
				586DBAC52E9C4344006C3DCA /* HealthSyncManager.swift in Sources */,
				586DBAC62E9C4344006C3DCA /* MealLog.swift in Sources */,
				586DBAC72E9C4344006C3DCA /* MealLogManager.swift in Sources */,
				586DBAC82E9C4344006C3DCA /* Meal.swift in Sources */,
				586DBAC92E9C4344006C3DCA /* HealthManager.swift in Sources */,
				586DBACA2E9C4344006C3DCA /* MealRowView.swift in Sources */,
				586DBACB2E9C4344006C3DCA /* HealthCopilotApp.swift in Sources */,
				586DBACC2E9C4344006C3DCA /* MealInsightView.swift in Sources */,
				586DBACD2E9C4344006C3DCA /* 0.ContentView.swift in Sources */,
				586DBACE2E9C4344006C3DCA /* GenInsightView.swift in Sources */,
				586DBACF2E9C4344006C3DCA /* CombinedDetailView.swift in Sources */,
				586DBAD02E9C4344006C3DCA /* CameraView.swift in Sources */,
				586DBAD12E9C4344006C3DCA /* HealthKitManager.swift in Sources */,
				586DBAD22E9C4344006C3DCA /* LogView.swift in Sources */,
				586DBAD32E9C4344006C3DCA /* HealthSummary.swift in Sources */,
				586DBAD42E9C4344006C3DCA /* SyncManager.swift in Sources */,
				586DBAD52E9C4344006C3DCA /* GlucoseModels.swift in Sources */,
				586DBAD62E9C4344006C3DCA /* VerifyView.swift in Sources */,
				586DBAD72E9C4344006C3DCA /* GPTVisionService.swift in Sources */,
				586DBAD82E9C4344006C3DCA /* NutritionView.swift in Sources */,
				586DBAD92E9C4344006C3DCA /* GlucoseGraphView.swift in Sources */,
				586DBADA2E9C4344006C3DCA /* 0.HealthCopilotApp.swift in Sources */,
				586DBADB2E9C4344006C3DCA /* InsightGenerator.swift in Sources */,
				586DBADC2E9C4344006C3DCA /* SyncStatusView.swift in Sources */,
				586DBADD2E9C4344006C3DCA /* GPTService.swift in Sources */,
				586DBADE2E9C4344006C3DCA /* MealStore.swift in Sources */,
			);
			runOnlyForDeploymentPostprocessing = 0;
		};
		581C37882E17599E002D6789 /* Sources */ = {
			isa = PBXSourcesBuildPhase;
			buildActionMask = 2147483647;
			files = (
			);
			runOnlyForDeploymentPostprocessing = 0;
		};
		581C37922E17599E002D6789 /* Sources */ = {
			isa = PBXSourcesBuildPhase;
			buildActionMask = 2147483647;
			files = (
			);
			runOnlyForDeploymentPostprocessing = 0;
		};
/* End PBXSourcesBuildPhase section */

/* Begin PBXTargetDependency section */
		581C378E2E17599E002D6789 /* PBXTargetDependency */ = {
			isa = PBXTargetDependency;
			target = 581C377E2E17599C002D6789 /* HealthCopilot */;
			targetProxy = 581C378D2E17599E002D6789 /* PBXContainerItemProxy */;
		};
		581C37982E17599E002D6789 /* PBXTargetDependency */ = {
			isa = PBXTargetDependency;
			target = 581C377E2E17599C002D6789 /* HealthCopilot */;
			targetProxy = 581C37972E17599E002D6789 /* PBXContainerItemProxy */;
		};
/* End PBXTargetDependency section */

/* Begin XCBuildConfiguration section */
		581C379E2E17599E002D6789 /* Debug */ = {
			isa = XCBuildConfiguration;
			buildSettings = {
				ALWAYS_SEARCH_USER_PATHS = NO;
				ASSETCATALOG_COMPILER_GENERATE_SWIFT_ASSET_SYMBOL_EXTENSIONS = YES;
				CLANG_ANALYZER_NONNULL = YES;
				CLANG_ANALYZER_NUMBER_OBJECT_CONVERSION = YES_AGGRESSIVE;
				CLANG_CXX_LANGUAGE_STANDARD = "gnu++20";
				CLANG_ENABLE_MODULES = YES;
				CLANG_ENABLE_OBJC_ARC = YES;
				CLANG_ENABLE_OBJC_WEAK = YES;
				CLANG_WARN_BLOCK_CAPTURE_AUTORELEASING = YES;
				CLANG_WARN_BOOL_CONVERSION = YES;
				CLANG_WARN_COMMA = YES;
				CLANG_WARN_CONSTANT_CONVERSION = YES;
				CLANG_WARN_DEPRECATED_OBJC_IMPLEMENTATIONS = YES;
				CLANG_WARN_DIRECT_OBJC_ISA_USAGE = YES_ERROR;
				CLANG_WARN_DOCUMENTATION_COMMENTS = YES;
				CLANG_WARN_EMPTY_BODY = YES;
				CLANG_WARN_ENUM_CONVERSION = YES;
				CLANG_WARN_INFINITE_RECURSION = YES;
				CLANG_WARN_INT_CONVERSION = YES;
				CLANG_WARN_NON_LITERAL_NULL_CONVERSION = YES;
				CLANG_WARN_OBJC_IMPLICIT_RETAIN_SELF = YES;
				CLANG_WARN_OBJC_LITERAL_CONVERSION = YES;
				CLANG_WARN_OBJC_ROOT_CLASS = YES_ERROR;
				CLANG_WARN_QUOTED_INCLUDE_IN_FRAMEWORK_HEADER = YES;
				CLANG_WARN_RANGE_LOOP_ANALYSIS = YES;
				CLANG_WARN_STRICT_PROTOTYPES = YES;
				CLANG_WARN_SUSPICIOUS_MOVE = YES;
				CLANG_WARN_UNGUARDED_AVAILABILITY = YES_AGGRESSIVE;
				CLANG_WARN_UNREACHABLE_CODE = YES;
				CLANG_WARN__DUPLICATE_METHOD_MATCH = YES;
				COPY_PHASE_STRIP = NO;
				DEBUG_INFORMATION_FORMAT = dwarf;
				DEVELOPMENT_TEAM = MQR4ZQ59DP;
				ENABLE_STRICT_OBJC_MSGSEND = YES;
				ENABLE_TESTABILITY = YES;
				ENABLE_USER_SCRIPT_SANDBOXING = YES;
				GCC_C_LANGUAGE_STANDARD = gnu17;
				GCC_DYNAMIC_NO_PIC = NO;
				GCC_NO_COMMON_BLOCKS = YES;
				GCC_OPTIMIZATION_LEVEL = 0;
				GCC_PREPROCESSOR_DEFINITIONS = (
					"DEBUG=1",
					"$(inherited)",
				);
				GCC_WARN_64_TO_32_BIT_CONVERSION = YES;
				GCC_WARN_ABOUT_RETURN_TYPE = YES_ERROR;
				GCC_WARN_UNDECLARED_SELECTOR = YES;
				GCC_WARN_UNINITIALIZED_AUTOS = YES_AGGRESSIVE;
				GCC_WARN_UNUSED_FUNCTION = YES;
				GCC_WARN_UNUSED_VARIABLE = YES;
				IPHONEOS_DEPLOYMENT_TARGET = 18.5;
				LOCALIZATION_PREFERS_STRING_CATALOGS = YES;
				MTL_ENABLE_DEBUG_INFO = INCLUDE_SOURCE;
				MTL_FAST_MATH = YES;
				ONLY_ACTIVE_ARCH = YES;
				SDKROOT = iphoneos;
				SWIFT_ACTIVE_COMPILATION_CONDITIONS = "DEBUG $(inherited)";
				SWIFT_OPTIMIZATION_LEVEL = "-Onone";
			};
			name = Debug;
		};
		581C379F2E17599E002D6789 /* Release */ = {
			isa = XCBuildConfiguration;
			buildSettings = {
				ALWAYS_SEARCH_USER_PATHS = NO;
				ASSETCATALOG_COMPILER_GENERATE_SWIFT_ASSET_SYMBOL_EXTENSIONS = YES;
				CLANG_ANALYZER_NONNULL = YES;
				CLANG_ANALYZER_NUMBER_OBJECT_CONVERSION = YES_AGGRESSIVE;
				CLANG_CXX_LANGUAGE_STANDARD = "gnu++20";
				CLANG_ENABLE_MODULES = YES;
				CLANG_ENABLE_OBJC_ARC = YES;
				CLANG_ENABLE_OBJC_WEAK = YES;
				CLANG_WARN_BLOCK_CAPTURE_AUTORELEASING = YES;
				CLANG_WARN_BOOL_CONVERSION = YES;
				CLANG_WARN_COMMA = YES;
				CLANG_WARN_CONSTANT_CONVERSION = YES;
				CLANG_WARN_DEPRECATED_OBJC_IMPLEMENTATIONS = YES;
				CLANG_WARN_DIRECT_OBJC_ISA_USAGE = YES_ERROR;
				CLANG_WARN_DOCUMENTATION_COMMENTS = YES;
				CLANG_WARN_EMPTY_BODY = YES;
				CLANG_WARN_ENUM_CONVERSION = YES;
				CLANG_WARN_INFINITE_RECURSION = YES;
				CLANG_WARN_INT_CONVERSION = YES;
				CLANG_WARN_NON_LITERAL_NULL_CONVERSION = YES;
				CLANG_WARN_OBJC_IMPLICIT_RETAIN_SELF = YES;
				CLANG_WARN_OBJC_LITERAL_CONVERSION = YES;
				CLANG_WARN_OBJC_ROOT_CLASS = YES_ERROR;
				CLANG_WARN_QUOTED_INCLUDE_IN_FRAMEWORK_HEADER = YES;
				CLANG_WARN_RANGE_LOOP_ANALYSIS = YES;
				CLANG_WARN_STRICT_PROTOTYPES = YES;
				CLANG_WARN_SUSPICIOUS_MOVE = YES;
				CLANG_WARN_UNGUARDED_AVAILABILITY = YES_AGGRESSIVE;
				CLANG_WARN_UNREACHABLE_CODE = YES;
				CLANG_WARN__DUPLICATE_METHOD_MATCH = YES;
				COPY_PHASE_STRIP = NO;
				DEBUG_INFORMATION_FORMAT = "dwarf-with-dsym";
				DEVELOPMENT_TEAM = MQR4ZQ59DP;
				ENABLE_NS_ASSERTIONS = NO;
				ENABLE_STRICT_OBJC_MSGSEND = YES;
				ENABLE_USER_SCRIPT_SANDBOXING = YES;
				GCC_C_LANGUAGE_STANDARD = gnu17;
				GCC_NO_COMMON_BLOCKS = YES;
				GCC_WARN_64_TO_32_BIT_CONVERSION = YES;
				GCC_WARN_ABOUT_RETURN_TYPE = YES_ERROR;
				GCC_WARN_UNDECLARED_SELECTOR = YES;
				GCC_WARN_UNINITIALIZED_AUTOS = YES_AGGRESSIVE;
				GCC_WARN_UNUSED_FUNCTION = YES;
				GCC_WARN_UNUSED_VARIABLE = YES;
				IPHONEOS_DEPLOYMENT_TARGET = 18.5;
				LOCALIZATION_PREFERS_STRING_CATALOGS = YES;
				MTL_ENABLE_DEBUG_INFO = NO;
				MTL_FAST_MATH = YES;
				SDKROOT = iphoneos;
				SWIFT_COMPILATION_MODE = wholemodule;
				VALIDATE_PRODUCT = YES;
			};
			name = Release;
		};
		581C37A12E17599E002D6789 /* Debug */ = {
			isa = XCBuildConfiguration;
			buildSettings = {
				ASSETCATALOG_COMPILER_APPICON_NAME = AppIcon;
				ASSETCATALOG_COMPILER_GLOBAL_ACCENT_COLOR_NAME = AccentColor;
				CODE_SIGN_ENTITLEMENTS = HealthCopilot.entitlements;
				CODE_SIGN_STYLE = Automatic;
				CURRENT_PROJECT_VERSION = 1;
				DEVELOPMENT_TEAM = MQR4ZQ59DP;
				ENABLE_PREVIEWS = YES;
				GENERATE_INFOPLIST_FILE = NO;
				INFOPLIST_FILE = "$(SRCROOT)/Info.plist";
				INFOPLIST_KEY_UIApplicationSceneManifest_Generation = YES;
				INFOPLIST_KEY_UIApplicationSupportsIndirectInputEvents = YES;
				INFOPLIST_KEY_UILaunchScreen_Generation = YES;
				INFOPLIST_KEY_UISupportedInterfaceOrientations_iPad = "UIInterfaceOrientationPortrait UIInterfaceOrientationPortraitUpsideDown UIInterfaceOrientationLandscapeLeft UIInterfaceOrientationLandscapeRight";
				INFOPLIST_KEY_UISupportedInterfaceOrientations_iPhone = "UIInterfaceOrientationPortrait UIInterfaceOrientationLandscapeLeft UIInterfaceOrientationLandscapeRight";
				LD_RUNPATH_SEARCH_PATHS = (
					"$(inherited)",
					"@executable_path/Frameworks",
				);
				MARKETING_VERSION = 1.0;
				NEW_SETTING = "";
				PRODUCT_BUNDLE_IDENTIFIER = natalieradu.HealthCopilot;
				PRODUCT_NAME = "$(TARGET_NAME)";
				SWIFT_EMIT_LOC_STRINGS = YES;
				SWIFT_VERSION = 5.0;
				TARGETED_DEVICE_FAMILY = "1,2";
			};
			name = Debug;
		};
		581C37A22E17599E002D6789 /* Release */ = {
			isa = XCBuildConfiguration;
			buildSettings = {
				ASSETCATALOG_COMPILER_APPICON_NAME = AppIcon;
				ASSETCATALOG_COMPILER_GLOBAL_ACCENT_COLOR_NAME = AccentColor;
				CODE_SIGN_ENTITLEMENTS = HealthCopilot.entitlements;
				CODE_SIGN_STYLE = Automatic;
				CURRENT_PROJECT_VERSION = 1;
				DEVELOPMENT_TEAM = MQR4ZQ59DP;
				ENABLE_PREVIEWS = YES;
				GENERATE_INFOPLIST_FILE = NO;
				INFOPLIST_FILE = "$(SRCROOT)/Info.plist";
				INFOPLIST_KEY_UIApplicationSceneManifest_Generation = YES;
				INFOPLIST_KEY_UIApplicationSupportsIndirectInputEvents = YES;
				INFOPLIST_KEY_UILaunchScreen_Generation = YES;
				INFOPLIST_KEY_UISupportedInterfaceOrientations_iPad = "UIInterfaceOrientationPortrait UIInterfaceOrientationPortraitUpsideDown UIInterfaceOrientationLandscapeLeft UIInterfaceOrientationLandscapeRight";
				INFOPLIST_KEY_UISupportedInterfaceOrientations_iPhone = "UIInterfaceOrientationPortrait UIInterfaceOrientationLandscapeLeft UIInterfaceOrientationLandscapeRight";
				LD_RUNPATH_SEARCH_PATHS = (
					"$(inherited)",
					"@executable_path/Frameworks",
				);
				MARKETING_VERSION = 1.0;
				NEW_SETTING = "";
				PRODUCT_BUNDLE_IDENTIFIER = natalieradu.HealthCopilot;
				PRODUCT_NAME = "$(TARGET_NAME)";
				SWIFT_EMIT_LOC_STRINGS = YES;
				SWIFT_VERSION = 5.0;
				TARGETED_DEVICE_FAMILY = "1,2";
			};
			name = Release;
		};
		581C37A42E17599E002D6789 /* Debug */ = {
			isa = XCBuildConfiguration;
			buildSettings = {
				BUNDLE_LOADER = "$(TEST_HOST)";
				CODE_SIGN_STYLE = Automatic;
				CURRENT_PROJECT_VERSION = 1;
				DEVELOPMENT_TEAM = MQR4ZQ59DP;
				GENERATE_INFOPLIST_FILE = YES;
				IPHONEOS_DEPLOYMENT_TARGET = 18.5;
				MARKETING_VERSION = 1.0;
				PRODUCT_BUNDLE_IDENTIFIER = natalieradu.HealthCopilotTests;
				PRODUCT_NAME = "$(TARGET_NAME)";
				SWIFT_EMIT_LOC_STRINGS = NO;
				SWIFT_VERSION = 5.0;
				TARGETED_DEVICE_FAMILY = "1,2";
				TEST_HOST = "$(BUILT_PRODUCTS_DIR)/HealthCopilot.app/$(BUNDLE_EXECUTABLE_FOLDER_PATH)/HealthCopilot";
			};
			name = Debug;
		};
		581C37A52E17599E002D6789 /* Release */ = {
			isa = XCBuildConfiguration;
			buildSettings = {
				BUNDLE_LOADER = "$(TEST_HOST)";
				CODE_SIGN_STYLE = Automatic;
				CURRENT_PROJECT_VERSION = 1;
				DEVELOPMENT_TEAM = MQR4ZQ59DP;
				GENERATE_INFOPLIST_FILE = YES;
				IPHONEOS_DEPLOYMENT_TARGET = 18.5;
				MARKETING_VERSION = 1.0;
				PRODUCT_BUNDLE_IDENTIFIER = natalieradu.HealthCopilotTests;
				PRODUCT_NAME = "$(TARGET_NAME)";
				SWIFT_EMIT_LOC_STRINGS = NO;
				SWIFT_VERSION = 5.0;
				TARGETED_DEVICE_FAMILY = "1,2";
				TEST_HOST = "$(BUILT_PRODUCTS_DIR)/HealthCopilot.app/$(BUNDLE_EXECUTABLE_FOLDER_PATH)/HealthCopilot";
			};
			name = Release;
		};
		581C37A72E17599E002D6789 /* Debug */ = {
			isa = XCBuildConfiguration;
			buildSettings = {
				CODE_SIGN_STYLE = Automatic;
				CURRENT_PROJECT_VERSION = 1;
				DEVELOPMENT_TEAM = MQR4ZQ59DP;
				GENERATE_INFOPLIST_FILE = YES;
				MARKETING_VERSION = 1.0;
				PRODUCT_BUNDLE_IDENTIFIER = natalieradu.HealthCopilotUITests;
				PRODUCT_NAME = "$(TARGET_NAME)";
				SWIFT_EMIT_LOC_STRINGS = NO;
				SWIFT_VERSION = 5.0;
				TARGETED_DEVICE_FAMILY = "1,2";
				TEST_TARGET_NAME = HealthCopilot;
			};
			name = Debug;
		};
		581C37A82E17599E002D6789 /* Release */ = {
			isa = XCBuildConfiguration;
			buildSettings = {
				CODE_SIGN_STYLE = Automatic;
				CURRENT_PROJECT_VERSION = 1;
				DEVELOPMENT_TEAM = MQR4ZQ59DP;
				GENERATE_INFOPLIST_FILE = YES;
				MARKETING_VERSION = 1.0;
				PRODUCT_BUNDLE_IDENTIFIER = natalieradu.HealthCopilotUITests;
				PRODUCT_NAME = "$(TARGET_NAME)";
				SWIFT_EMIT_LOC_STRINGS = NO;
				SWIFT_VERSION = 5.0;
				TARGETED_DEVICE_FAMILY = "1,2";
				TEST_TARGET_NAME = HealthCopilot;
			};
			name = Release;
		};
/* End XCBuildConfiguration section */

/* Begin XCConfigurationList section */
		581C377A2E17599C002D6789 /* Build configuration list for PBXProject "HealthCopilot" */ = {
			isa = XCConfigurationList;
			buildConfigurations = (
				581C379E2E17599E002D6789 /* Debug */,
				581C379F2E17599E002D6789 /* Release */,
			);
			defaultConfigurationIsVisible = 0;
			defaultConfigurationName = Release;
		};
		581C37A02E17599E002D6789 /* Build configuration list for PBXNativeTarget "HealthCopilot" */ = {
			isa = XCConfigurationList;
			buildConfigurations = (
				581C37A12E17599E002D6789 /* Debug */,
				581C37A22E17599E002D6789 /* Release */,
			);
			defaultConfigurationIsVisible = 0;
			defaultConfigurationName = Release;
		};
		581C37A32E17599E002D6789 /* Build configuration list for PBXNativeTarget "HealthCopilotTests" */ = {
			isa = XCConfigurationList;
			buildConfigurations = (
				581C37A42E17599E002D6789 /* Debug */,
				581C37A52E17599E002D6789 /* Release */,
			);
			defaultConfigurationIsVisible = 0;
			defaultConfigurationName = Release;
		};
		581C37A62E17599E002D6789 /* Build configuration list for PBXNativeTarget "HealthCopilotUITests" */ = {
			isa = XCConfigurationList;
			buildConfigurations = (
				581C37A72E17599E002D6789 /* Debug */,
				581C37A82E17599E002D6789 /* Release */,
			);
			defaultConfigurationIsVisible = 0;
			defaultConfigurationName = Release;
		};
/* End XCConfigurationList section */
	};
	rootObject = 581C37772E17599C002D6789 /* Project object */;
}
